
Microsoft Visual Studio Solution File, Format Version 12.00
# Visual Studio Version 16
VisualStudioVersion = 16.0.29911.84
MinimumVisualStudioVersion = 10.0.40219.1
Project("{FAE04EC0-301F-11D3-BF4B-00C04F79EFBC}") = "E-Commerce2", "E-Commerce2\E-Commerce2.csproj", "{0B316C07-071A-43F5-BCAD-BE6E98022DAB}"
EndProject
Project("{FAE04EC0-301F-11D3-BF4B-00C04F79EFBC}") = "DataAccessLayer", "DataAccessLayer\DataAccessLayer.csproj", "{2B038A91-D950-461C-A87D-1EC5C32CE70C}"
EndProject
Project("{FAE04EC0-301F-11D3-BF4B-00C04F79EFBC}") = "DataBaseLayer", "DataBaseLayer\DataBaseLayer.csproj", "{AD6D3E7E-8CEC-42D8-863B-2AC616AF9EF2}"
EndProject
Global
	GlobalSection(SolutionConfigurationPlatforms) = preSolution
		Debug|Any CPU = Debug|Any CPU
		Release|Any CPU = Release|Any CPU
	EndGlobalSection
	GlobalSection(ProjectConfigurationPlatforms) = postSolution
		{0B316C07-071A-43F5-BCAD-BE6E98022DAB}.Debug|Any CPU.ActiveCfg = Debug|Any CPU
		{0B316C07-071A-43F5-BCAD-BE6E98022DAB}.Debug|Any CPU.Build.0 = Debug|Any CPU
		{0B316C07-071A-43F5-BCAD-BE6E98022DAB}.Release|Any CPU.ActiveCfg = Release|Any CPU
		{0B316C07-071A-43F5-BCAD-BE6E98022DAB}.Release|Any CPU.Build.0 = Release|Any CPU
		{2B038A91-D950-461C-A87D-1EC5C32CE70C}.Debug|Any CPU.ActiveCfg = Debug|Any CPU
		{2B038A91-D950-461C-A87D-1EC5C32CE70C}.Debug|Any CPU.Build.0 = Debug|Any CPU
		{2B038A91-D950-461C-A87D-1EC5C32CE70C}.Release|Any CPU.ActiveCfg = Release|Any CPU
		{2B038A91-D950-461C-A87D-1EC5C32CE70C}.Release|Any CPU.Build.0 = Release|Any CPU
		{AD6D3E7E-8CEC-42D8-863B-2AC616AF9EF2}.Debug|Any CPU.ActiveCfg = Debug|Any CPU
		{AD6D3E7E-8CEC-42D8-863B-2AC616AF9EF2}.Debug|Any CPU.Build.0 = Debug|Any CPU
		{AD6D3E7E-8CEC-42D8-863B-2AC616AF9EF2}.Release|Any CPU.ActiveCfg = Release|Any CPU
		{AD6D3E7E-8CEC-42D8-863B-2AC616AF9EF2}.Release|Any CPU.Build.0 = Release|Any CPU
	EndGlobalSection
	GlobalSection(SolutionProperties) = preSolution
		HideSolutionNode = FALSE
	EndGlobalSection
	GlobalSection(ExtensibilityGlobals) = postSolution
		SolutionGuid = {13FE1F18-CA3B-41B6-9E2E-95A4468E1182}
	EndGlobalSection
EndGlobal
